<Solution>
  <Project Path="Scanitech_API/Scanitech_API.csproj" />
  <Project Path="Scanitech_API_BLL/Scanitech_API_BLL.csproj" />
  <Project Path="Scanitech_API_DAL/Scanitech_API_DAL.csproj" />
  <Project Path="Scanitech_Frontend.csproj" />
  <Project Path="Scanitech_Frontend_BLL/Scanitech_Frontend_BLL.csproj" />
  <Project Path="Scanitech_Frontend_DAL/Scanitech_Frontend_DAL.csproj" />
</Solution>
